
Microsoft Visual Studio Solution File, Format Version 12.00
# Visual Studio 15
Project("{FAE04EC0-301F-11D3-BF4B-00C04F79EFBC}") = "MathQuiz", "Assembly-CSharp.csproj", "{EB267A10-F2DE-F1AF-C517-D2260CC6ECCD}"
EndProject
Project("{FAE04EC0-301F-11D3-BF4B-00C04F79EFBC}") = "MathQuiz", "Assembly-CSharp-firstpass.csproj", "{11D7AFC6-1B1B-C04B-E6E6-A97D60DD976A}"
EndProject
Project("{FAE04EC0-301F-11D3-BF4B-00C04F79EFBC}") = "MathQuiz", "Assembly-CSharp-Editor-firstpass.csproj", "{F8DEB1F9-C517-409B-A08B-D94302581B82}"
EndProject
Project("{FAE04EC0-301F-11D3-BF4B-00C04F79EFBC}") = "MathQuiz", "Assembly-CSharp-Editor.csproj", "{E2F22F2A-CD0D-4B54-5C85-534F7E9007C1}"
EndProject
Global
	GlobalSection(SolutionConfigurationPlatforms) = preSolution
		Debug|Any CPU = Debug|Any CPU
		Release|Any CPU = Release|Any CPU
	EndGlobalSection
	GlobalSection(ProjectConfigurationPlatforms) = postSolution
		{EB267A10-F2DE-F1AF-C517-D2260CC6ECCD}.Debug|Any CPU.ActiveCfg = Debug|Any CPU
		{EB267A10-F2DE-F1AF-C517-D2260CC6ECCD}.Debug|Any CPU.Build.0 = Debug|Any CPU
		{EB267A10-F2DE-F1AF-C517-D2260CC6ECCD}.Release|Any CPU.ActiveCfg = Release|Any CPU
		{EB267A10-F2DE-F1AF-C517-D2260CC6ECCD}.Release|Any CPU.Build.0 = Release|Any CPU
		{11D7AFC6-1B1B-C04B-E6E6-A97D60DD976A}.Debug|Any CPU.ActiveCfg = Debug|Any CPU
		{11D7AFC6-1B1B-C04B-E6E6-A97D60DD976A}.Debug|Any CPU.Build.0 = Debug|Any CPU
		{11D7AFC6-1B1B-C04B-E6E6-A97D60DD976A}.Release|Any CPU.ActiveCfg = Release|Any CPU
		{11D7AFC6-1B1B-C04B-E6E6-A97D60DD976A}.Release|Any CPU.Build.0 = Release|Any CPU
		{F8DEB1F9-C517-409B-A08B-D94302581B82}.Debug|Any CPU.ActiveCfg = Debug|Any CPU
		{F8DEB1F9-C517-409B-A08B-D94302581B82}.Debug|Any CPU.Build.0 = Debug|Any CPU
		{F8DEB1F9-C517-409B-A08B-D94302581B82}.Release|Any CPU.ActiveCfg = Release|Any CPU
		{F8DEB1F9-C517-409B-A08B-D94302581B82}.Release|Any CPU.Build.0 = Release|Any CPU
		{E2F22F2A-CD0D-4B54-5C85-534F7E9007C1}.Debug|Any CPU.ActiveCfg = Debug|Any CPU
		{E2F22F2A-CD0D-4B54-5C85-534F7E9007C1}.Debug|Any CPU.Build.0 = Debug|Any CPU
		{E2F22F2A-CD0D-4B54-5C85-534F7E9007C1}.Release|Any CPU.ActiveCfg = Release|Any CPU
		{E2F22F2A-CD0D-4B54-5C85-534F7E9007C1}.Release|Any CPU.Build.0 = Release|Any CPU
	EndGlobalSection
	GlobalSection(SolutionProperties) = preSolution
		HideSolutionNode = FALSE
	EndGlobalSection
EndGlobal
