
Microsoft Visual Studio Solution File, Format Version 12.00
# Visual Studio 2017
Project("{FAE04EC0-301F-11D3-BF4B-00C04F79EFBC}") = "MathQuiz.Plugins", "MathQuiz.Plugins.csproj", "{A4325C7F-9E07-E18F-3114-CDA3881E20E6}"
EndProject
Project("{FAE04EC0-301F-11D3-BF4B-00C04F79EFBC}") = "MathQuiz", "MathQuiz.csproj", "{00BCE18F-8923-15AF-0222-67DA783D3F90}"
EndProject
Project("{FAE04EC0-301F-11D3-BF4B-00C04F79EFBC}") = "MathQuiz.Editor", "MathQuiz.Editor.csproj", "{CD87AE18-1F2F-02B8-F7E7-9DEF4FF3797D}"
EndProject
Global
	GlobalSection(SolutionConfigurationPlatforms) = preSolution
		Debug|Any CPU = Debug|Any CPU
		Release|Any CPU = Release|Any CPU
	EndGlobalSection
	GlobalSection(ProjectConfigurationPlatforms) = postSolution
		{A4325C7F-9E07-E18F-3114-CDA3881E20E6}.Debug|Any CPU.ActiveCfg = Debug|Any CPU
		{A4325C7F-9E07-E18F-3114-CDA3881E20E6}.Debug|Any CPU.Build.0 = Debug|Any CPU
		{A4325C7F-9E07-E18F-3114-CDA3881E20E6}.Release|Any CPU.ActiveCfg = Release|Any CPU
		{A4325C7F-9E07-E18F-3114-CDA3881E20E6}.Release|Any CPU.Build.0 = Release|Any CPU
		{00BCE18F-8923-15AF-0222-67DA783D3F90}.Debug|Any CPU.ActiveCfg = Debug|Any CPU
		{00BCE18F-8923-15AF-0222-67DA783D3F90}.Debug|Any CPU.Build.0 = Debug|Any CPU
		{00BCE18F-8923-15AF-0222-67DA783D3F90}.Release|Any CPU.ActiveCfg = Release|Any CPU
		{00BCE18F-8923-15AF-0222-67DA783D3F90}.Release|Any CPU.Build.0 = Release|Any CPU
		{CD87AE18-1F2F-02B8-F7E7-9DEF4FF3797D}.Debug|Any CPU.ActiveCfg = Debug|Any CPU
		{CD87AE18-1F2F-02B8-F7E7-9DEF4FF3797D}.Debug|Any CPU.Build.0 = Debug|Any CPU
		{CD87AE18-1F2F-02B8-F7E7-9DEF4FF3797D}.Release|Any CPU.ActiveCfg = Release|Any CPU
		{CD87AE18-1F2F-02B8-F7E7-9DEF4FF3797D}.Release|Any CPU.Build.0 = Release|Any CPU
	EndGlobalSection
	GlobalSection(SolutionProperties) = preSolution
		HideSolutionNode = FALSE
	EndGlobalSection
EndGlobal
